
Microsoft Visual Studio Solution File, Format Version 12.00
# Visual Studio Version 16
VisualStudioVersion = 16.0.31019.35
MinimumVisualStudioVersion = 10.0.40219.1
Project("{9A19103F-16F7-4668-BE54-9A1E7A4F7556}") = "Bankomat", "ConsoleApp1\Bankomat.csproj", "{02C58783-74E3-47E2-9447-327F68582DA2}"
EndProject
Global
	GlobalSection(SolutionConfigurationPlatforms) = preSolution
		Debug|Any CPU = Debug|Any CPU
		Release|Any CPU = Release|Any CPU
	EndGlobalSection
	GlobalSection(ProjectConfigurationPlatforms) = postSolution
		{02C58783-74E3-47E2-9447-327F68582DA2}.Debug|Any CPU.ActiveCfg = Debug|Any CPU
		{02C58783-74E3-47E2-9447-327F68582DA2}.Debug|Any CPU.Build.0 = Debug|Any CPU
		{02C58783-74E3-47E2-9447-327F68582DA2}.Release|Any CPU.ActiveCfg = Release|Any CPU
		{02C58783-74E3-47E2-9447-327F68582DA2}.Release|Any CPU.Build.0 = Release|Any CPU
	EndGlobalSection
	GlobalSection(SolutionProperties) = preSolution
		HideSolutionNode = FALSE
	EndGlobalSection
	GlobalSection(ExtensibilityGlobals) = postSolution
		SolutionGuid = {8294F0C3-0CBB-41D1-B798-7F1EA303E28C}
	EndGlobalSection
EndGlobal
